// !$*UTF8*$!
{
	archiveVersion = 1;
	classes = {
	};
	objectVersion = 70;
	objects = {

/* Begin PBXBuildFile section */
		A02322BD2D97294D004C1CB3 /* CustomGauge.swift in Sources */ = {isa = PBXBuildFile; fileRef = A02322BC2D97294D004C1CB3 /* CustomGauge.swift */; };
		A02322BF2D973FCA004C1CB3 /* Colors.xcassets in Resources */ = {isa = PBXBuildFile; fileRef = A02322BE2D973FCA004C1CB3 /* Colors.xcassets */; };
		A039A7672D9AF3610091F69F /* CustomPicker.swift in Sources */ = {isa = PBXBuildFile; fileRef = A039A7662D9AF3610091F69F /* CustomPicker.swift */; };
		A039A76D2D9B3ACB0091F69F /* Rates.swift in Sources */ = {isa = PBXBuildFile; fileRef = A039A76C2D9B3ACB0091F69F /* Rates.swift */; };
		A039A76F2D9B49390091F69F /* Somatics.swift in Sources */ = {isa = PBXBuildFile; fileRef = A039A76E2D9B49390091F69F /* Somatics.swift */; };
		A03A764E2AFF95B300A312A8 /* ImagePicker.swift in Sources */ = {isa = PBXBuildFile; fileRef = A03A764D2AFF95B300A312A8 /* ImagePicker.swift */; };
		A043595E2B0539B4001EBBA1 /* AuthorizationPagesBackground.swift in Sources */ = {isa = PBXBuildFile; fileRef = A043595D2B0539B4001EBBA1 /* AuthorizationPagesBackground.swift */; };
		A054DD482B022F89009E9EA7 /* CustomTextFields.swift in Sources */ = {isa = PBXBuildFile; fileRef = A054DD472B022F89009E9EA7 /* CustomTextFields.swift */; };
		A054DD4A2B0233A2009E9EA7 /* CustomButtons.swift in Sources */ = {isa = PBXBuildFile; fileRef = A054DD492B0233A2009E9EA7 /* CustomButtons.swift */; };
		A05EAD672D629F2A00F2BFE8 /* Auth in Frameworks */ = {isa = PBXBuildFile; productRef = A05EAD662D629F2A00F2BFE8 /* Auth */; };
		A05EAD692D629F2A00F2BFE8 /* Functions in Frameworks */ = {isa = PBXBuildFile; productRef = A05EAD682D629F2A00F2BFE8 /* Functions */; };
		A05EAD6B2D629F2A00F2BFE8 /* PostgREST in Frameworks */ = {isa = PBXBuildFile; productRef = A05EAD6A2D629F2A00F2BFE8 /* PostgREST */; };
		A05EAD6D2D629F2A00F2BFE8 /* Realtime in Frameworks */ = {isa = PBXBuildFile; productRef = A05EAD6C2D629F2A00F2BFE8 /* Realtime */; };
		A05EAD6F2D629F2A00F2BFE8 /* Storage in Frameworks */ = {isa = PBXBuildFile; productRef = A05EAD6E2D629F2A00F2BFE8 /* Storage */; };
		A05EAD712D629F2A00F2BFE8 /* Supabase in Frameworks */ = {isa = PBXBuildFile; productRef = A05EAD702D629F2A00F2BFE8 /* Supabase */; };
		A05EAD792D62A12B00F2BFE8 /* Profile.swift in Sources */ = {isa = PBXBuildFile; fileRef = A05EAD782D62A12B00F2BFE8 /* Profile.swift */; };
		A06216A12AFC2D5A005EDB5A /* CourseOfMentalDiseaseApp.swift in Sources */ = {isa = PBXBuildFile; fileRef = A06216A02AFC2D5A005EDB5A /* CourseOfMentalDiseaseApp.swift */; };
		A06216A52AFC2D5B005EDB5A /* Assets.xcassets in Resources */ = {isa = PBXBuildFile; fileRef = A06216A42AFC2D5B005EDB5A /* Assets.xcassets */; };
		A06216A82AFC2D5B005EDB5A /* Preview Assets.xcassets in Resources */ = {isa = PBXBuildFile; fileRef = A06216A72AFC2D5B005EDB5A /* Preview Assets.xcassets */; };
		A08D99992DB10B780072CD29 /* SomaticAverges.swift in Sources */ = {isa = PBXBuildFile; fileRef = A08D99982DB10B780072CD29 /* SomaticAverges.swift */; };
		A09617552DB5102B00D289CB /* PopupView in Frameworks */ = {isa = PBXBuildFile; productRef = A09617542DB5102B00D289CB /* PopupView */; };
		A09617572DB5AE1500D289CB /* ErrorFloater.swift in Sources */ = {isa = PBXBuildFile; fileRef = A09617562DB5AE1500D289CB /* ErrorFloater.swift */; };
		A0AF97822DAC470D00F9423B /* Comfortaa-Light.ttf in Resources */ = {isa = PBXBuildFile; fileRef = A0AF97802DAC470D00F9423B /* Comfortaa-Light.ttf */; };
		A0AF97832DAC470D00F9423B /* Comfortaa-Bold.ttf in Resources */ = {isa = PBXBuildFile; fileRef = A0AF977F2DAC470D00F9423B /* Comfortaa-Bold.ttf */; };
		A0AF97842DAC470D00F9423B /* Comfortaa-Regular.ttf in Resources */ = {isa = PBXBuildFile; fileRef = A0AF97812DAC470D00F9423B /* Comfortaa-Regular.ttf */; };
		A0C76EC82B06BC210082B49D /* Avatars.swift in Sources */ = {isa = PBXBuildFile; fileRef = A0C76EC72B06BC210082B49D /* Avatars.swift */; };
		A0E404EB2AFD78E500564519 /* Extensions.swift in Sources */ = {isa = PBXBuildFile; fileRef = A0E404EA2AFD78E500564519 /* Extensions.swift */; };
		A0EFD28B2DADBE3000FE8CC8 /* Launch Screen.storyboard in Resources */ = {isa = PBXBuildFile; fileRef = A0EFD28A2DADBE3000FE8CC8 /* Launch Screen.storyboard */; };
		A0F528D12DB2A26E00F0E5C1 /* Factory in Frameworks */ = {isa = PBXBuildFile; productRef = A0F528D02DB2A26E00F0E5C1 /* Factory */; };
		A0F528D42DB2D08100F0E5C1 /* OnFirstAppearModifier.swift in Sources */ = {isa = PBXBuildFile; fileRef = A0F528D32DB2D08100F0E5C1 /* OnFirstAppearModifier.swift */; };
		A0F528D62DB3081700F0E5C1 /* DateRange.swift in Sources */ = {isa = PBXBuildFile; fileRef = A0F528D52DB3081700F0E5C1 /* DateRange.swift */; };
/* End PBXBuildFile section */

/* Begin PBXFileReference section */
		A02322BC2D97294D004C1CB3 /* CustomGauge.swift */ = {isa = PBXFileReference; lastKnownFileType = sourcecode.swift; path = CustomGauge.swift; sourceTree = "<group>"; };
		A02322BE2D973FCA004C1CB3 /* Colors.xcassets */ = {isa = PBXFileReference; lastKnownFileType = folder.assetcatalog; path = Colors.xcassets; sourceTree = "<group>"; };
		A039A7662D9AF3610091F69F /* CustomPicker.swift */ = {isa = PBXFileReference; lastKnownFileType = sourcecode.swift; path = CustomPicker.swift; sourceTree = "<group>"; };
		A039A76C2D9B3ACB0091F69F /* Rates.swift */ = {isa = PBXFileReference; lastKnownFileType = sourcecode.swift; path = Rates.swift; sourceTree = "<group>"; };
		A039A76E2D9B49390091F69F /* Somatics.swift */ = {isa = PBXFileReference; lastKnownFileType = sourcecode.swift; path = Somatics.swift; sourceTree = "<group>"; };
		A03A764D2AFF95B300A312A8 /* ImagePicker.swift */ = {isa = PBXFileReference; lastKnownFileType = sourcecode.swift; path = ImagePicker.swift; sourceTree = "<group>"; };
		A043595D2B0539B4001EBBA1 /* AuthorizationPagesBackground.swift */ = {isa = PBXFileReference; lastKnownFileType = sourcecode.swift; path = AuthorizationPagesBackground.swift; sourceTree = "<group>"; };
		A054DD472B022F89009E9EA7 /* CustomTextFields.swift */ = {isa = PBXFileReference; lastKnownFileType = sourcecode.swift; path = CustomTextFields.swift; sourceTree = "<group>"; };
		A054DD492B0233A2009E9EA7 /* CustomButtons.swift */ = {isa = PBXFileReference; lastKnownFileType = sourcecode.swift; path = CustomButtons.swift; sourceTree = "<group>"; };
		A05666022AFD103700904913 /* CourseOfMentalDisease-Info.plist */ = {isa = PBXFileReference; lastKnownFileType = text.plist; path = "CourseOfMentalDisease-Info.plist"; sourceTree = "<group>"; };
		A05EAD782D62A12B00F2BFE8 /* Profile.swift */ = {isa = PBXFileReference; lastKnownFileType = sourcecode.swift; path = Profile.swift; sourceTree = "<group>"; };
		A062169D2AFC2D5A005EDB5A /* CourseOfMentalDisease.app */ = {isa = PBXFileReference; explicitFileType = wrapper.application; includeInIndex = 0; path = CourseOfMentalDisease.app; sourceTree = BUILT_PRODUCTS_DIR; };
		A06216A02AFC2D5A005EDB5A /* CourseOfMentalDiseaseApp.swift */ = {isa = PBXFileReference; lastKnownFileType = sourcecode.swift; path = CourseOfMentalDiseaseApp.swift; sourceTree = "<group>"; };
		A06216A42AFC2D5B005EDB5A /* Assets.xcassets */ = {isa = PBXFileReference; lastKnownFileType = folder.assetcatalog; path = Assets.xcassets; sourceTree = "<group>"; };
		A06216A72AFC2D5B005EDB5A /* Preview Assets.xcassets */ = {isa = PBXFileReference; lastKnownFileType = folder.assetcatalog; path = "Preview Assets.xcassets"; sourceTree = "<group>"; };
		A08D99982DB10B780072CD29 /* SomaticAverges.swift */ = {isa = PBXFileReference; lastKnownFileType = sourcecode.swift; path = SomaticAverges.swift; sourceTree = "<group>"; };
		A090A5832D6C1123006DD458 /* CourseOfMentalDisease.entitlements */ = {isa = PBXFileReference; lastKnownFileType = text.plist.entitlements; path = CourseOfMentalDisease.entitlements; sourceTree = "<group>"; };
		A09617562DB5AE1500D289CB /* ErrorFloater.swift */ = {isa = PBXFileReference; lastKnownFileType = sourcecode.swift; path = ErrorFloater.swift; sourceTree = "<group>"; };
		A0AF977F2DAC470D00F9423B /* Comfortaa-Bold.ttf */ = {isa = PBXFileReference; lastKnownFileType = file; path = "Comfortaa-Bold.ttf"; sourceTree = "<group>"; };
		A0AF97802DAC470D00F9423B /* Comfortaa-Light.ttf */ = {isa = PBXFileReference; lastKnownFileType = file; path = "Comfortaa-Light.ttf"; sourceTree = "<group>"; };
		A0AF97812DAC470D00F9423B /* Comfortaa-Regular.ttf */ = {isa = PBXFileReference; lastKnownFileType = file; path = "Comfortaa-Regular.ttf"; sourceTree = "<group>"; };
		A0C76EC72B06BC210082B49D /* Avatars.swift */ = {isa = PBXFileReference; lastKnownFileType = sourcecode.swift; path = Avatars.swift; sourceTree = "<group>"; };
		A0E404EA2AFD78E500564519 /* Extensions.swift */ = {isa = PBXFileReference; lastKnownFileType = sourcecode.swift; path = Extensions.swift; sourceTree = "<group>"; };
		A0EFD28A2DADBE3000FE8CC8 /* Launch Screen.storyboard */ = {isa = PBXFileReference; lastKnownFileType = file.storyboard; path = "Launch Screen.storyboard"; sourceTree = "<group>"; };
		A0F528D32DB2D08100F0E5C1 /* OnFirstAppearModifier.swift */ = {isa = PBXFileReference; lastKnownFileType = sourcecode.swift; path = OnFirstAppearModifier.swift; sourceTree = "<group>"; };
		A0F528D52DB3081700F0E5C1 /* DateRange.swift */ = {isa = PBXFileReference; lastKnownFileType = sourcecode.swift; path = DateRange.swift; sourceTree = "<group>"; };
/* End PBXFileReference section */

/* Begin PBXFileSystemSynchronizedRootGroup section */
		A08D997B2DB032F00072CD29 /* Services */ = {isa = PBXFileSystemSynchronizedRootGroup; explicitFileTypes = {}; explicitFolders = (); path = Services; sourceTree = "<group>"; };
		A08D99A92DB116FD0072CD29 /* Networking */ = {isa = PBXFileSystemSynchronizedRootGroup; explicitFileTypes = {}; explicitFolders = (); path = Networking; sourceTree = "<group>"; };
		A0F528D22DB2A28200F0E5C1 /* DI */ = {isa = PBXFileSystemSynchronizedRootGroup; explicitFileTypes = {}; explicitFolders = (); path = DI; sourceTree = "<group>"; };
		A0F528D72DB30AA800F0E5C1 /* Features */ = {isa = PBXFileSystemSynchronizedRootGroup; explicitFileTypes = {}; explicitFolders = (); path = Features; sourceTree = "<group>"; };
/* End PBXFileSystemSynchronizedRootGroup section */

/* Begin PBXFrameworksBuildPhase section */
		A062169A2AFC2D5A005EDB5A /* Frameworks */ = {
			isa = PBXFrameworksBuildPhase;
			buildActionMask = 2147483647;
			files = (
				A09617552DB5102B00D289CB /* PopupView in Frameworks */,
				A05EAD6D2D629F2A00F2BFE8 /* Realtime in Frameworks */,
				A05EAD6B2D629F2A00F2BFE8 /* PostgREST in Frameworks */,
				A0F528D12DB2A26E00F0E5C1 /* Factory in Frameworks */,
				A05EAD692D629F2A00F2BFE8 /* Functions in Frameworks */,
				A05EAD6F2D629F2A00F2BFE8 /* Storage in Frameworks */,
				A05EAD712D629F2A00F2BFE8 /* Supabase in Frameworks */,
				A05EAD672D629F2A00F2BFE8 /* Auth in Frameworks */,
			);
			runOnlyForDeploymentPostprocessing = 0;
		};
/* End PBXFrameworksBuildPhase section */

/* Begin PBXGroup section */
		A040DA3E2B09078000CEBA8B /* Graphics */ = {
			isa = PBXGroup;
			children = (
			);
			path = Graphics;
			sourceTree = "<group>";
		};
		A054DD462B022F5F009E9EA7 /* Modifiers */ = {
			isa = PBXGroup;
			children = (
				A054DD472B022F89009E9EA7 /* CustomTextFields.swift */,
				A054DD492B0233A2009E9EA7 /* CustomButtons.swift */,
				A0F528D32DB2D08100F0E5C1 /* OnFirstAppearModifier.swift */,
				A09617562DB5AE1500D289CB /* ErrorFloater.swift */,
			);
			path = Modifiers;
			sourceTree = "<group>";
		};
		A05665FD2AFD0F7400904913 /* Custom Fonts */ = {
			isa = PBXGroup;
			children = (
				A0AF977F2DAC470D00F9423B /* Comfortaa-Bold.ttf */,
				A0AF97802DAC470D00F9423B /* Comfortaa-Light.ttf */,
				A0AF97812DAC470D00F9423B /* Comfortaa-Regular.ttf */,
			);
			path = "Custom Fonts";
			sourceTree = "<group>";
		};
		A05666072AFD134B00904913 /* Components */ = {
			isa = PBXGroup;
			children = (
				A03A764D2AFF95B300A312A8 /* ImagePicker.swift */,
				A043595D2B0539B4001EBBA1 /* AuthorizationPagesBackground.swift */,
				A0C76EC72B06BC210082B49D /* Avatars.swift */,
				A02322BC2D97294D004C1CB3 /* CustomGauge.swift */,
				A039A7662D9AF3610091F69F /* CustomPicker.swift */,
				A054DD462B022F5F009E9EA7 /* Modifiers */,
			);
			path = Components;
			sourceTree = "<group>";
		};
		A05EAD442D6206AC00F2BFE8 /* Models */ = {
			isa = PBXGroup;
			children = (
				A05EAD782D62A12B00F2BFE8 /* Profile.swift */,
				A039A76C2D9B3ACB0091F69F /* Rates.swift */,
				A039A76E2D9B49390091F69F /* Somatics.swift */,
				A08D99982DB10B780072CD29 /* SomaticAverges.swift */,
				A0F528D52DB3081700F0E5C1 /* DateRange.swift */,
			);
			path = Models;
			sourceTree = "<group>";
		};
		A05EAD452D6206CE00F2BFE8 /* Other */ = {
			isa = PBXGroup;
			children = (
				A06216A02AFC2D5A005EDB5A /* CourseOfMentalDiseaseApp.swift */,
				A06216A42AFC2D5B005EDB5A /* Assets.xcassets */,
				A0E404EA2AFD78E500564519 /* Extensions.swift */,
				A05665FD2AFD0F7400904913 /* Custom Fonts */,
				A02322BE2D973FCA004C1CB3 /* Colors.xcassets */,
				A0EFD28A2DADBE3000FE8CC8 /* Launch Screen.storyboard */,
			);
			path = Other;
			sourceTree = "<group>";
		};
		A06216942AFC2D5A005EDB5A = {
			isa = PBXGroup;
			children = (
				A090A5832D6C1123006DD458 /* CourseOfMentalDisease.entitlements */,
				A05666022AFD103700904913 /* CourseOfMentalDisease-Info.plist */,
				A062169F2AFC2D5A005EDB5A /* Course of Mental Disease */,
				A062169E2AFC2D5A005EDB5A /* Products */,
			);
			sourceTree = "<group>";
		};
		A062169E2AFC2D5A005EDB5A /* Products */ = {
			isa = PBXGroup;
			children = (
				A062169D2AFC2D5A005EDB5A /* CourseOfMentalDisease.app */,
			);
			name = Products;
			sourceTree = "<group>";
		};
		A062169F2AFC2D5A005EDB5A /* Course of Mental Disease */ = {
			isa = PBXGroup;
			children = (
				A05EAD452D6206CE00F2BFE8 /* Other */,
				A0F528D72DB30AA800F0E5C1 /* Features */,
				A05EAD442D6206AC00F2BFE8 /* Models */,
				A08D997B2DB032F00072CD29 /* Services */,
				A0F528D22DB2A28200F0E5C1 /* DI */,
				A08D99A92DB116FD0072CD29 /* Networking */,
				A05666072AFD134B00904913 /* Components */,
				A040DA3E2B09078000CEBA8B /* Graphics */,
				A06216A62AFC2D5B005EDB5A /* Preview Content */,
			);
			path = "Course of Mental Disease";
			sourceTree = "<group>";
		};
		A06216A62AFC2D5B005EDB5A /* Preview Content */ = {
			isa = PBXGroup;
			children = (
				A06216A72AFC2D5B005EDB5A /* Preview Assets.xcassets */,
			);
			path = "Preview Content";
			sourceTree = "<group>";
		};
/* End PBXGroup section */

/* Begin PBXNativeTarget section */
		A062169C2AFC2D5A005EDB5A /* CourseOfMentalDisease */ = {
			isa = PBXNativeTarget;
			buildConfigurationList = A06216AB2AFC2D5B005EDB5A /* Build configuration list for PBXNativeTarget "CourseOfMentalDisease" */;
			buildPhases = (
				A06216992AFC2D5A005EDB5A /* Sources */,
				A062169A2AFC2D5A005EDB5A /* Frameworks */,
				A062169B2AFC2D5A005EDB5A /* Resources */,
			);
			buildRules = (
			);
			dependencies = (
			);
			fileSystemSynchronizedGroups = (
				A08D997B2DB032F00072CD29 /* Services */,
				A08D99A92DB116FD0072CD29 /* Networking */,
				A0F528D22DB2A28200F0E5C1 /* DI */,
				A0F528D72DB30AA800F0E5C1 /* Features */,
			);
			name = CourseOfMentalDisease;
			productName = "Course of Mental Disease";
			productReference = A062169D2AFC2D5A005EDB5A /* CourseOfMentalDisease.app */;
			productType = "com.apple.product-type.application";
		};
/* End PBXNativeTarget section */

/* Begin PBXProject section */
		A06216952AFC2D5A005EDB5A /* Project object */ = {
			isa = PBXProject;
			attributes = {
				BuildIndependentTargetsInParallel = 1;
				LastSwiftUpdateCheck = 1500;
				LastUpgradeCheck = 1630;
				TargetAttributes = {
					A062169C2AFC2D5A005EDB5A = {
						CreatedOnToolsVersion = 15.0.1;
					};
				};
			};
			buildConfigurationList = A06216982AFC2D5A005EDB5A /* Build configuration list for PBXProject "CourseOfMentalDisease" */;
			compatibilityVersion = "Xcode 14.0";
			developmentRegion = en;
			hasScannedForEncodings = 0;
			knownRegions = (
				en,
				Base,
				ru,
			);
			mainGroup = A06216942AFC2D5A005EDB5A;
			packageReferences = (
				A05EAD652D629F2A00F2BFE8 /* XCRemoteSwiftPackageReference "supabase-swift" */,
				A0F528CF2DB2A26E00F0E5C1 /* XCRemoteSwiftPackageReference "Factory" */,
				A09617532DB5102B00D289CB /* XCRemoteSwiftPackageReference "PopupView" */,
			);
			productRefGroup = A062169E2AFC2D5A005EDB5A /* Products */;
			projectDirPath = "";
			projectRoot = "";
			targets = (
				A062169C2AFC2D5A005EDB5A /* CourseOfMentalDisease */,
			);
		};
/* End PBXProject section */

/* Begin PBXResourcesBuildPhase section */
		A062169B2AFC2D5A005EDB5A /* Resources */ = {
			isa = PBXResourcesBuildPhase;
			buildActionMask = 2147483647;
			files = (
				A06216A82AFC2D5B005EDB5A /* Preview Assets.xcassets in Resources */,
				A0EFD28B2DADBE3000FE8CC8 /* Launch Screen.storyboard in Resources */,
				A0AF97822DAC470D00F9423B /* Comfortaa-Light.ttf in Resources */,
				A0AF97832DAC470D00F9423B /* Comfortaa-Bold.ttf in Resources */,
				A0AF97842DAC470D00F9423B /* Comfortaa-Regular.ttf in Resources */,
				A02322BF2D973FCA004C1CB3 /* Colors.xcassets in Resources */,
				A06216A52AFC2D5B005EDB5A /* Assets.xcassets in Resources */,
			);
			runOnlyForDeploymentPostprocessing = 0;
		};
/* End PBXResourcesBuildPhase section */

/* Begin PBXSourcesBuildPhase section */
		A06216992AFC2D5A005EDB5A /* Sources */ = {
			isa = PBXSourcesBuildPhase;
			buildActionMask = 2147483647;
			files = (
				A0C76EC82B06BC210082B49D /* Avatars.swift in Sources */,
				A054DD4A2B0233A2009E9EA7 /* CustomButtons.swift in Sources */,
				A0F528D42DB2D08100F0E5C1 /* OnFirstAppearModifier.swift in Sources */,
				A0F528D62DB3081700F0E5C1 /* DateRange.swift in Sources */,
				A039A76D2D9B3ACB0091F69F /* Rates.swift in Sources */,
				A03A764E2AFF95B300A312A8 /* ImagePicker.swift in Sources */,
				A039A7672D9AF3610091F69F /* CustomPicker.swift in Sources */,
				A06216A12AFC2D5A005EDB5A /* CourseOfMentalDiseaseApp.swift in Sources */,
				A08D99992DB10B780072CD29 /* SomaticAverges.swift in Sources */,
				A0E404EB2AFD78E500564519 /* Extensions.swift in Sources */,
				A043595E2B0539B4001EBBA1 /* AuthorizationPagesBackground.swift in Sources */,
				A09617572DB5AE1500D289CB /* ErrorFloater.swift in Sources */,
				A02322BD2D97294D004C1CB3 /* CustomGauge.swift in Sources */,
				A054DD482B022F89009E9EA7 /* CustomTextFields.swift in Sources */,
				A05EAD792D62A12B00F2BFE8 /* Profile.swift in Sources */,
				A039A76F2D9B49390091F69F /* Somatics.swift in Sources */,
			);
			runOnlyForDeploymentPostprocessing = 0;
		};
/* End PBXSourcesBuildPhase section */

/* Begin XCBuildConfiguration section */
		A06216A92AFC2D5B005EDB5A /* Debug */ = {
			isa = XCBuildConfiguration;
			buildSettings = {
				ALWAYS_SEARCH_USER_PATHS = NO;
				ASSETCATALOG_COMPILER_GENERATE_SWIFT_ASSET_SYMBOL_EXTENSIONS = YES;
				CLANG_ANALYZER_NONNULL = YES;
				CLANG_ANALYZER_NUMBER_OBJECT_CONVERSION = YES_AGGRESSIVE;
				CLANG_CXX_LANGUAGE_STANDARD = "gnu++20";
				CLANG_ENABLE_MODULES = YES;
				CLANG_ENABLE_OBJC_ARC = YES;
				CLANG_ENABLE_OBJC_WEAK = YES;
				CLANG_WARN_BLOCK_CAPTURE_AUTORELEASING = YES;
				CLANG_WARN_BOOL_CONVERSION = YES;
				CLANG_WARN_COMMA = YES;
				CLANG_WARN_CONSTANT_CONVERSION = YES;
				CLANG_WARN_DEPRECATED_OBJC_IMPLEMENTATIONS = YES;
				CLANG_WARN_DIRECT_OBJC_ISA_USAGE = YES_ERROR;
				CLANG_WARN_DOCUMENTATION_COMMENTS = YES;
				CLANG_WARN_EMPTY_BODY = YES;
				CLANG_WARN_ENUM_CONVERSION = YES;
				CLANG_WARN_INFINITE_RECURSION = YES;
				CLANG_WARN_INT_CONVERSION = YES;
				CLANG_WARN_NON_LITERAL_NULL_CONVERSION = YES;
				CLANG_WARN_OBJC_IMPLICIT_RETAIN_SELF = YES;
				CLANG_WARN_OBJC_LITERAL_CONVERSION = YES;
				CLANG_WARN_OBJC_ROOT_CLASS = YES_ERROR;
				CLANG_WARN_QUOTED_INCLUDE_IN_FRAMEWORK_HEADER = YES;
				CLANG_WARN_RANGE_LOOP_ANALYSIS = YES;
				CLANG_WARN_STRICT_PROTOTYPES = YES;
				CLANG_WARN_SUSPICIOUS_MOVE = YES;
				CLANG_WARN_UNGUARDED_AVAILABILITY = YES_AGGRESSIVE;
				CLANG_WARN_UNREACHABLE_CODE = YES;
				CLANG_WARN__DUPLICATE_METHOD_MATCH = YES;
				COPY_PHASE_STRIP = NO;
				DEBUG_INFORMATION_FORMAT = dwarf;
				DEVELOPMENT_TEAM = 96WV5UW3Y7;
				ENABLE_STRICT_OBJC_MSGSEND = YES;
				ENABLE_TESTABILITY = YES;
				ENABLE_USER_SCRIPT_SANDBOXING = YES;
				GCC_C_LANGUAGE_STANDARD = gnu17;
				GCC_DYNAMIC_NO_PIC = NO;
				GCC_NO_COMMON_BLOCKS = YES;
				GCC_OPTIMIZATION_LEVEL = 0;
				GCC_PREPROCESSOR_DEFINITIONS = (
					"DEBUG=1",
					"$(inherited)",
				);
				GCC_WARN_64_TO_32_BIT_CONVERSION = YES;
				GCC_WARN_ABOUT_RETURN_TYPE = YES_ERROR;
				GCC_WARN_UNDECLARED_SELECTOR = YES;
				GCC_WARN_UNINITIALIZED_AUTOS = YES_AGGRESSIVE;
				GCC_WARN_UNUSED_FUNCTION = YES;
				GCC_WARN_UNUSED_VARIABLE = YES;
				IPHONEOS_DEPLOYMENT_TARGET = 17.0;
				LOCALIZATION_PREFERS_STRING_CATALOGS = YES;
				MTL_ENABLE_DEBUG_INFO = INCLUDE_SOURCE;
				MTL_FAST_MATH = YES;
				ONLY_ACTIVE_ARCH = YES;
				SDKROOT = iphoneos;
				SWIFT_ACTIVE_COMPILATION_CONDITIONS = "DEBUG $(inherited)";
				SWIFT_OPTIMIZATION_LEVEL = "-Onone";
			};
			name = Debug;
		};
		A06216AA2AFC2D5B005EDB5A /* Release */ = {
			isa = XCBuildConfiguration;
			buildSettings = {
				ALWAYS_SEARCH_USER_PATHS = NO;
				ASSETCATALOG_COMPILER_GENERATE_SWIFT_ASSET_SYMBOL_EXTENSIONS = YES;
				CLANG_ANALYZER_NONNULL = YES;
				CLANG_ANALYZER_NUMBER_OBJECT_CONVERSION = YES_AGGRESSIVE;
				CLANG_CXX_LANGUAGE_STANDARD = "gnu++20";
				CLANG_ENABLE_MODULES = YES;
				CLANG_ENABLE_OBJC_ARC = YES;
				CLANG_ENABLE_OBJC_WEAK = YES;
				CLANG_WARN_BLOCK_CAPTURE_AUTORELEASING = YES;
				CLANG_WARN_BOOL_CONVERSION = YES;
				CLANG_WARN_COMMA = YES;
				CLANG_WARN_CONSTANT_CONVERSION = YES;
				CLANG_WARN_DEPRECATED_OBJC_IMPLEMENTATIONS = YES;
				CLANG_WARN_DIRECT_OBJC_ISA_USAGE = YES_ERROR;
				CLANG_WARN_DOCUMENTATION_COMMENTS = YES;
				CLANG_WARN_EMPTY_BODY = YES;
				CLANG_WARN_ENUM_CONVERSION = YES;
				CLANG_WARN_INFINITE_RECURSION = YES;
				CLANG_WARN_INT_CONVERSION = YES;
				CLANG_WARN_NON_LITERAL_NULL_CONVERSION = YES;
				CLANG_WARN_OBJC_IMPLICIT_RETAIN_SELF = YES;
				CLANG_WARN_OBJC_LITERAL_CONVERSION = YES;
				CLANG_WARN_OBJC_ROOT_CLASS = YES_ERROR;
				CLANG_WARN_QUOTED_INCLUDE_IN_FRAMEWORK_HEADER = YES;
				CLANG_WARN_RANGE_LOOP_ANALYSIS = YES;
				CLANG_WARN_STRICT_PROTOTYPES = YES;
				CLANG_WARN_SUSPICIOUS_MOVE = YES;
				CLANG_WARN_UNGUARDED_AVAILABILITY = YES_AGGRESSIVE;
				CLANG_WARN_UNREACHABLE_CODE = YES;
				CLANG_WARN__DUPLICATE_METHOD_MATCH = YES;
				COPY_PHASE_STRIP = NO;
				DEBUG_INFORMATION_FORMAT = "dwarf-with-dsym";
				DEVELOPMENT_TEAM = 96WV5UW3Y7;
				ENABLE_NS_ASSERTIONS = NO;
				ENABLE_STRICT_OBJC_MSGSEND = YES;
				ENABLE_USER_SCRIPT_SANDBOXING = YES;
				GCC_C_LANGUAGE_STANDARD = gnu17;
				GCC_NO_COMMON_BLOCKS = YES;
				GCC_WARN_64_TO_32_BIT_CONVERSION = YES;
				GCC_WARN_ABOUT_RETURN_TYPE = YES_ERROR;
				GCC_WARN_UNDECLARED_SELECTOR = YES;
				GCC_WARN_UNINITIALIZED_AUTOS = YES_AGGRESSIVE;
				GCC_WARN_UNUSED_FUNCTION = YES;
				GCC_WARN_UNUSED_VARIABLE = YES;
				IPHONEOS_DEPLOYMENT_TARGET = 17.0;
				LOCALIZATION_PREFERS_STRING_CATALOGS = YES;
				MTL_ENABLE_DEBUG_INFO = NO;
				MTL_FAST_MATH = YES;
				SDKROOT = iphoneos;
				SWIFT_COMPILATION_MODE = wholemodule;
				VALIDATE_PRODUCT = YES;
			};
			name = Release;
		};
		A06216AC2AFC2D5B005EDB5A /* Debug */ = {
			isa = XCBuildConfiguration;
			buildSettings = {
				ASSETCATALOG_COMPILER_APPICON_NAME = AppIcon;
				ASSETCATALOG_COMPILER_GLOBAL_ACCENT_COLOR_NAME = AccentColor;
				CODE_SIGN_ENTITLEMENTS = CourseOfMentalDisease.entitlements;
				CODE_SIGN_STYLE = Automatic;
				CURRENT_PROJECT_VERSION = 1;
				DEVELOPMENT_ASSET_PATHS = "\"Course of Mental Disease/Preview Content\"";
				ENABLE_PREVIEWS = YES;
				GENERATE_INFOPLIST_FILE = YES;
				INFOPLIST_FILE = "CourseOfMentalDisease-Info.plist";
				INFOPLIST_KEY_LSApplicationCategoryType = "public.app-category.healthcare-fitness";
				INFOPLIST_KEY_NSCameraUsageDescription = "App needs access to your camera";
				INFOPLIST_KEY_UIApplicationSceneManifest_Generation = YES;
				INFOPLIST_KEY_UIApplicationSupportsIndirectInputEvents = YES;
				INFOPLIST_KEY_UILaunchStoryboardName = "Launch Screen.storyboard";
				INFOPLIST_KEY_UIRequiresFullScreen = YES;
				INFOPLIST_KEY_UIStatusBarStyle = "";
				INFOPLIST_KEY_UISupportedInterfaceOrientations = UIInterfaceOrientationPortrait;
				LD_RUNPATH_SEARCH_PATHS = (
					"$(inherited)",
					"@executable_path/Frameworks",
				);
				MARKETING_VERSION = 1.0;
				PRODUCT_BUNDLE_IDENTIFIER = "ru.suykosharka.Course-of-Mental-Disease";
				PRODUCT_NAME = "$(TARGET_NAME)";
				SWIFT_EMIT_LOC_STRINGS = YES;
				SWIFT_VERSION = 5.0;
				TARGETED_DEVICE_FAMILY = "1,2";
			};
			name = Debug;
		};
		A06216AD2AFC2D5B005EDB5A /* Release */ = {
			isa = XCBuildConfiguration;
			buildSettings = {
				ASSETCATALOG_COMPILER_APPICON_NAME = AppIcon;
				ASSETCATALOG_COMPILER_GLOBAL_ACCENT_COLOR_NAME = AccentColor;
				CODE_SIGN_ENTITLEMENTS = CourseOfMentalDisease.entitlements;
				CODE_SIGN_STYLE = Automatic;
				CURRENT_PROJECT_VERSION = 1;
				DEVELOPMENT_ASSET_PATHS = "\"Course of Mental Disease/Preview Content\"";
				ENABLE_PREVIEWS = YES;
				GENERATE_INFOPLIST_FILE = YES;
				INFOPLIST_FILE = "CourseOfMentalDisease-Info.plist";
				INFOPLIST_KEY_LSApplicationCategoryType = "public.app-category.healthcare-fitness";
				INFOPLIST_KEY_NSCameraUsageDescription = "App needs access to your camera";
				INFOPLIST_KEY_UIApplicationSceneManifest_Generation = YES;
				INFOPLIST_KEY_UIApplicationSupportsIndirectInputEvents = YES;
				INFOPLIST_KEY_UILaunchStoryboardName = "Launch Screen.storyboard";
				INFOPLIST_KEY_UIRequiresFullScreen = YES;
				INFOPLIST_KEY_UIStatusBarStyle = "";
				INFOPLIST_KEY_UISupportedInterfaceOrientations = UIInterfaceOrientationPortrait;
				LD_RUNPATH_SEARCH_PATHS = (
					"$(inherited)",
					"@executable_path/Frameworks",
				);
				MARKETING_VERSION = 1.0;
				PRODUCT_BUNDLE_IDENTIFIER = "ru.suykosharka.Course-of-Mental-Disease";
				PRODUCT_NAME = "$(TARGET_NAME)";
				SWIFT_EMIT_LOC_STRINGS = YES;
				SWIFT_VERSION = 5.0;
				TARGETED_DEVICE_FAMILY = "1,2";
			};
			name = Release;
		};
/* End XCBuildConfiguration section */

/* Begin XCConfigurationList section */
		A06216982AFC2D5A005EDB5A /* Build configuration list for PBXProject "CourseOfMentalDisease" */ = {
			isa = XCConfigurationList;
			buildConfigurations = (
				A06216A92AFC2D5B005EDB5A /* Debug */,
				A06216AA2AFC2D5B005EDB5A /* Release */,
			);
			defaultConfigurationIsVisible = 0;
			defaultConfigurationName = Release;
		};
		A06216AB2AFC2D5B005EDB5A /* Build configuration list for PBXNativeTarget "CourseOfMentalDisease" */ = {
			isa = XCConfigurationList;
			buildConfigurations = (
				A06216AC2AFC2D5B005EDB5A /* Debug */,
				A06216AD2AFC2D5B005EDB5A /* Release */,
			);
			defaultConfigurationIsVisible = 0;
			defaultConfigurationName = Release;
		};
/* End XCConfigurationList section */

/* Begin XCRemoteSwiftPackageReference section */
		A05EAD652D629F2A00F2BFE8 /* XCRemoteSwiftPackageReference "supabase-swift" */ = {
			isa = XCRemoteSwiftPackageReference;
			repositoryURL = "https://github.com/supabase/supabase-swift";
			requirement = {
				kind = upToNextMajorVersion;
				minimumVersion = 2.5.1;
			};
		};
		A09617532DB5102B00D289CB /* XCRemoteSwiftPackageReference "PopupView" */ = {
			isa = XCRemoteSwiftPackageReference;
			repositoryURL = "https://github.com/exyte/PopupView";
			requirement = {
				kind = upToNextMajorVersion;
				minimumVersion = 4.1.7;
			};
		};
		A0F528CF2DB2A26E00F0E5C1 /* XCRemoteSwiftPackageReference "Factory" */ = {
			isa = XCRemoteSwiftPackageReference;
			repositoryURL = "https://github.com/hmlongco/Factory";
			requirement = {
				kind = upToNextMajorVersion;
				minimumVersion = 2.4.3;
			};
		};
/* End XCRemoteSwiftPackageReference section */

/* Begin XCSwiftPackageProductDependency section */
		A05EAD662D629F2A00F2BFE8 /* Auth */ = {
			isa = XCSwiftPackageProductDependency;
			package = A05EAD652D629F2A00F2BFE8 /* XCRemoteSwiftPackageReference "supabase-swift" */;
			productName = Auth;
		};
		A05EAD682D629F2A00F2BFE8 /* Functions */ = {
			isa = XCSwiftPackageProductDependency;
			package = A05EAD652D629F2A00F2BFE8 /* XCRemoteSwiftPackageReference "supabase-swift" */;
			productName = Functions;
		};
		A05EAD6A2D629F2A00F2BFE8 /* PostgREST */ = {
			isa = XCSwiftPackageProductDependency;
			package = A05EAD652D629F2A00F2BFE8 /* XCRemoteSwiftPackageReference "supabase-swift" */;
			productName = PostgREST;
		};
		A05EAD6C2D629F2A00F2BFE8 /* Realtime */ = {
			isa = XCSwiftPackageProductDependency;
			package = A05EAD652D629F2A00F2BFE8 /* XCRemoteSwiftPackageReference "supabase-swift" */;
			productName = Realtime;
		};
		A05EAD6E2D629F2A00F2BFE8 /* Storage */ = {
			isa = XCSwiftPackageProductDependency;
			package = A05EAD652D629F2A00F2BFE8 /* XCRemoteSwiftPackageReference "supabase-swift" */;
			productName = Storage;
		};
		A05EAD702D629F2A00F2BFE8 /* Supabase */ = {
			isa = XCSwiftPackageProductDependency;
			package = A05EAD652D629F2A00F2BFE8 /* XCRemoteSwiftPackageReference "supabase-swift" */;
			productName = Supabase;
		};
		A09617542DB5102B00D289CB /* PopupView */ = {
			isa = XCSwiftPackageProductDependency;
			package = A09617532DB5102B00D289CB /* XCRemoteSwiftPackageReference "PopupView" */;
			productName = PopupView;
		};
		A0F528D02DB2A26E00F0E5C1 /* Factory */ = {
			isa = XCSwiftPackageProductDependency;
			package = A0F528CF2DB2A26E00F0E5C1 /* XCRemoteSwiftPackageReference "Factory" */;
			productName = Factory;
		};
/* End XCSwiftPackageProductDependency section */
	};
	rootObject = A06216952AFC2D5A005EDB5A /* Project object */;
}
